// !$*UTF8*$!
{
	archiveVersion = 1;
	classes = {
	};
	objectVersion = 55;
	objects = {

/* Begin PBXBuildFile section */
		492FF12D2718A24800D585BC /* ReverseAString.swift in Sources */ = {isa = PBXBuildFile; fileRef = 492FF12C2718A24800D585BC /* ReverseAString.swift */; };
		492FF12F2718BD4800D585BC /* MergeSortedArray.swift in Sources */ = {isa = PBXBuildFile; fileRef = 492FF12E2718BD4800D585BC /* MergeSortedArray.swift */; };
		492FF144271968E700D585BC /* LinkedList.swift in Sources */ = {isa = PBXBuildFile; fileRef = 492FF143271968E700D585BC /* LinkedList.swift */; };
		49331DD527563A1B000C03CE /* MergeSort.swift in Sources */ = {isa = PBXBuildFile; fileRef = 49331DD427563A1B000C03CE /* MergeSort.swift */; };
		49331DD72756415B000C03CE /* QuickSort.swift in Sources */ = {isa = PBXBuildFile; fileRef = 49331DD62756415B000C03CE /* QuickSort.swift */; };
		4987814627043F3800846B57 /* DSArray.swift in Sources */ = {isa = PBXBuildFile; fileRef = 4987814527043F3800846B57 /* DSArray.swift */; };
		4989524B27002115000323FA /* Problem1.swift in Sources */ = {isa = PBXBuildFile; fileRef = 4989524A27002115000323FA /* Problem1.swift */; };
		4995999127036B0100A0AF3C /* Problem2.swift in Sources */ = {isa = PBXBuildFile; fileRef = 4995999027036B0100A0AF3C /* Problem2.swift */; };
		499D1E14271BCCD40029ACE9 /* StackLinkedList.swift in Sources */ = {isa = PBXBuildFile; fileRef = 499D1E13271BCCD40029ACE9 /* StackLinkedList.swift */; };
		499D1E16271BDEAF0029ACE9 /* StackArray.swift in Sources */ = {isa = PBXBuildFile; fileRef = 499D1E15271BDEAF0029ACE9 /* StackArray.swift */; };
		49A4CE7B271DDD66005C482A /* BinaryTree.swift in Sources */ = {isa = PBXBuildFile; fileRef = 49A4CE7A271DDD66005C482A /* BinaryTree.swift */; };
		49AB5411276476F2001253E4 /* GetThePairsOfTwoNumberSum.swift in Sources */ = {isa = PBXBuildFile; fileRef = 49AB5410276476F2001253E4 /* GetThePairsOfTwoNumberSum.swift */; };
		49AB541327649E35001253E4 /* ArrayPuzzles.swift in Sources */ = {isa = PBXBuildFile; fileRef = 49AB541227649E35001253E4 /* ArrayPuzzles.swift */; };
		49AB54152764A82A001253E4 /* MaximumCharacterOccurance.swift in Sources */ = {isa = PBXBuildFile; fileRef = 49AB54142764A82A001253E4 /* MaximumCharacterOccurance.swift */; };
		49B13B9526FD98F00097CCC0 /* main.swift in Sources */ = {isa = PBXBuildFile; fileRef = 49B13B9426FD98F00097CCC0 /* main.swift */; };
		49B13B9C26FD99180097CCC0 /* BigO.swift in Sources */ = {isa = PBXBuildFile; fileRef = 49B13B9B26FD99180097CCC0 /* BigO.swift */; };
		49B91D1B27537ECE00C29008 /* BubleSort.swift in Sources */ = {isa = PBXBuildFile; fileRef = 49B91D1A27537ECE00C29008 /* BubleSort.swift */; };
		49B91D1D275385A600C29008 /* SelectionSort.swift in Sources */ = {isa = PBXBuildFile; fileRef = 49B91D1C275385A600C29008 /* SelectionSort.swift */; };
		49FD8A722746CC6D00BBAE38 /* Algorithms.swift in Sources */ = {isa = PBXBuildFile; fileRef = 49FD8A712746CC6D00BBAE38 /* Algorithms.swift */; };
/* End PBXBuildFile section */

/* Begin PBXCopyFilesBuildPhase section */
		49B13B8F26FD98F00097CCC0 /* CopyFiles */ = {
			isa = PBXCopyFilesBuildPhase;
			buildActionMask = 2147483647;
			dstPath = /usr/share/man/man1/;
			dstSubfolderSpec = 0;
			files = (
			);
			runOnlyForDeploymentPostprocessing = 1;
		};
/* End PBXCopyFilesBuildPhase section */

/* Begin PBXFileReference section */
		492FF12C2718A24800D585BC /* ReverseAString.swift */ = {isa = PBXFileReference; lastKnownFileType = sourcecode.swift; path = ReverseAString.swift; sourceTree = "<group>"; };
		492FF12E2718BD4800D585BC /* MergeSortedArray.swift */ = {isa = PBXFileReference; lastKnownFileType = sourcecode.swift; path = MergeSortedArray.swift; sourceTree = "<group>"; };
		492FF143271968E700D585BC /* LinkedList.swift */ = {isa = PBXFileReference; lastKnownFileType = sourcecode.swift; path = LinkedList.swift; sourceTree = "<group>"; };
		49331DD427563A1B000C03CE /* MergeSort.swift */ = {isa = PBXFileReference; lastKnownFileType = sourcecode.swift; path = MergeSort.swift; sourceTree = "<group>"; };
		49331DD62756415B000C03CE /* QuickSort.swift */ = {isa = PBXFileReference; lastKnownFileType = sourcecode.swift; path = QuickSort.swift; sourceTree = "<group>"; };
		4987814527043F3800846B57 /* DSArray.swift */ = {isa = PBXFileReference; lastKnownFileType = sourcecode.swift; path = DSArray.swift; sourceTree = "<group>"; };
		4989524A27002115000323FA /* Problem1.swift */ = {isa = PBXFileReference; lastKnownFileType = sourcecode.swift; path = Problem1.swift; sourceTree = "<group>"; };
		4995999027036B0100A0AF3C /* Problem2.swift */ = {isa = PBXFileReference; lastKnownFileType = sourcecode.swift; path = Problem2.swift; sourceTree = "<group>"; };
		499D1E13271BCCD40029ACE9 /* StackLinkedList.swift */ = {isa = PBXFileReference; lastKnownFileType = sourcecode.swift; path = StackLinkedList.swift; sourceTree = "<group>"; };
		499D1E15271BDEAF0029ACE9 /* StackArray.swift */ = {isa = PBXFileReference; lastKnownFileType = sourcecode.swift; path = StackArray.swift; sourceTree = "<group>"; };
		49A4CE7A271DDD66005C482A /* BinaryTree.swift */ = {isa = PBXFileReference; lastKnownFileType = sourcecode.swift; path = BinaryTree.swift; sourceTree = "<group>"; };
		49AB5410276476F2001253E4 /* GetThePairsOfTwoNumberSum.swift */ = {isa = PBXFileReference; lastKnownFileType = sourcecode.swift; path = GetThePairsOfTwoNumberSum.swift; sourceTree = "<group>"; };
		49AB541227649E35001253E4 /* ArrayPuzzles.swift */ = {isa = PBXFileReference; lastKnownFileType = sourcecode.swift; path = ArrayPuzzles.swift; sourceTree = "<group>"; };
		49AB54142764A82A001253E4 /* MaximumCharacterOccurance.swift */ = {isa = PBXFileReference; lastKnownFileType = sourcecode.swift; path = MaximumCharacterOccurance.swift; sourceTree = "<group>"; };
		49B13B9126FD98F00097CCC0 /* Swift_dataStaructure */ = {isa = PBXFileReference; explicitFileType = "compiled.mach-o.executable"; includeInIndex = 0; path = Swift_dataStaructure; sourceTree = BUILT_PRODUCTS_DIR; };
		49B13B9426FD98F00097CCC0 /* main.swift */ = {isa = PBXFileReference; lastKnownFileType = sourcecode.swift; path = main.swift; sourceTree = "<group>"; };
		49B13B9B26FD99180097CCC0 /* BigO.swift */ = {isa = PBXFileReference; lastKnownFileType = sourcecode.swift; path = BigO.swift; sourceTree = "<group>"; };
		49B91D1A27537ECE00C29008 /* BubleSort.swift */ = {isa = PBXFileReference; lastKnownFileType = sourcecode.swift; path = BubleSort.swift; sourceTree = "<group>"; };
		49B91D1C275385A600C29008 /* SelectionSort.swift */ = {isa = PBXFileReference; lastKnownFileType = sourcecode.swift; path = SelectionSort.swift; sourceTree = "<group>"; };
		49FD8A712746CC6D00BBAE38 /* Algorithms.swift */ = {isa = PBXFileReference; lastKnownFileType = sourcecode.swift; path = Algorithms.swift; sourceTree = "<group>"; };
/* End PBXFileReference section */

/* Begin PBXFrameworksBuildPhase section */
		49B13B8E26FD98F00097CCC0 /* Frameworks */ = {
			isa = PBXFrameworksBuildPhase;
			buildActionMask = 2147483647;
			files = (
			);
			runOnlyForDeploymentPostprocessing = 0;
		};
/* End PBXFrameworksBuildPhase section */

/* Begin PBXGroup section */
		49B13B8826FD98F00097CCC0 = {
			isa = PBXGroup;
			children = (
				49B13B9326FD98F00097CCC0 /* Swift_dataStaructure */,
				49B13B9226FD98F00097CCC0 /* Products */,
			);
			sourceTree = "<group>";
		};
		49B13B9226FD98F00097CCC0 /* Products */ = {
			isa = PBXGroup;
			children = (
				49B13B9126FD98F00097CCC0 /* Swift_dataStaructure */,
			);
			name = Products;
			sourceTree = "<group>";
		};
		49B13B9326FD98F00097CCC0 /* Swift_dataStaructure */ = {
			isa = PBXGroup;
			children = (
				49B13B9426FD98F00097CCC0 /* main.swift */,
				49B13B9B26FD99180097CCC0 /* BigO.swift */,
				4989524A27002115000323FA /* Problem1.swift */,
				4995999027036B0100A0AF3C /* Problem2.swift */,
				4987814527043F3800846B57 /* DSArray.swift */,
				492FF12C2718A24800D585BC /* ReverseAString.swift */,
				492FF12E2718BD4800D585BC /* MergeSortedArray.swift */,
				492FF143271968E700D585BC /* LinkedList.swift */,
				499D1E13271BCCD40029ACE9 /* StackLinkedList.swift */,
				499D1E15271BDEAF0029ACE9 /* StackArray.swift */,
				49A4CE7A271DDD66005C482A /* BinaryTree.swift */,
				49FD8A712746CC6D00BBAE38 /* Algorithms.swift */,
				49B91D1A27537ECE00C29008 /* BubleSort.swift */,
				49B91D1C275385A600C29008 /* SelectionSort.swift */,
				49331DD427563A1B000C03CE /* MergeSort.swift */,
				49331DD62756415B000C03CE /* QuickSort.swift */,
				49AB5410276476F2001253E4 /* GetThePairsOfTwoNumberSum.swift */,
				49AB541227649E35001253E4 /* ArrayPuzzles.swift */,
				49AB54142764A82A001253E4 /* MaximumCharacterOccurance.swift */,
			);
			path = Swift_dataStaructure;
			sourceTree = "<group>";
		};
/* End PBXGroup section */

/* Begin PBXNativeTarget section */
		49B13B9026FD98F00097CCC0 /* Swift_dataStaructure */ = {
			isa = PBXNativeTarget;
			buildConfigurationList = 49B13B9826FD98F00097CCC0 /* Build configuration list for PBXNativeTarget "Swift_dataStaructure" */;
			buildPhases = (
				49B13B8D26FD98F00097CCC0 /* Sources */,
				49B13B8E26FD98F00097CCC0 /* Frameworks */,
				49B13B8F26FD98F00097CCC0 /* CopyFiles */,
			);
			buildRules = (
			);
			dependencies = (
			);
			name = Swift_dataStaructure;
			productName = Swift_dataStaructure;
			productReference = 49B13B9126FD98F00097CCC0 /* Swift_dataStaructure */;
			productType = "com.apple.product-type.tool";
		};
/* End PBXNativeTarget section */

/* Begin PBXProject section */
		49B13B8926FD98F00097CCC0 /* Project object */ = {
			isa = PBXProject;
			attributes = {
				BuildIndependentTargetsInParallel = 1;
				LastSwiftUpdateCheck = 1300;
				LastUpgradeCheck = 1300;
				TargetAttributes = {
					49B13B9026FD98F00097CCC0 = {
						CreatedOnToolsVersion = 13.0;
					};
				};
			};
			buildConfigurationList = 49B13B8C26FD98F00097CCC0 /* Build configuration list for PBXProject "Swift_dataStaructure" */;
			compatibilityVersion = "Xcode 13.0";
			developmentRegion = en;
			hasScannedForEncodings = 0;
			knownRegions = (
				en,
				Base,
			);
			mainGroup = 49B13B8826FD98F00097CCC0;
			productRefGroup = 49B13B9226FD98F00097CCC0 /* Products */;
			projectDirPath = "";
			projectRoot = "";
			targets = (
				49B13B9026FD98F00097CCC0 /* Swift_dataStaructure */,
			);
		};
/* End PBXProject section */

/* Begin PBXSourcesBuildPhase section */
		49B13B8D26FD98F00097CCC0 /* Sources */ = {
			isa = PBXSourcesBuildPhase;
			buildActionMask = 2147483647;
			files = (
				4995999127036B0100A0AF3C /* Problem2.swift in Sources */,
				499D1E14271BCCD40029ACE9 /* StackLinkedList.swift in Sources */,
				49B91D1D275385A600C29008 /* SelectionSort.swift in Sources */,
				492FF12D2718A24800D585BC /* ReverseAString.swift in Sources */,
				492FF12F2718BD4800D585BC /* MergeSortedArray.swift in Sources */,
				49AB541327649E35001253E4 /* ArrayPuzzles.swift in Sources */,
				499D1E16271BDEAF0029ACE9 /* StackArray.swift in Sources */,
				49FD8A722746CC6D00BBAE38 /* Algorithms.swift in Sources */,
				4987814627043F3800846B57 /* DSArray.swift in Sources */,
				49A4CE7B271DDD66005C482A /* BinaryTree.swift in Sources */,
				49331DD527563A1B000C03CE /* MergeSort.swift in Sources */,
				49AB5411276476F2001253E4 /* GetThePairsOfTwoNumberSum.swift in Sources */,
				4989524B27002115000323FA /* Problem1.swift in Sources */,
				49AB54152764A82A001253E4 /* MaximumCharacterOccurance.swift in Sources */,
				49B13B9C26FD99180097CCC0 /* BigO.swift in Sources */,
				492FF144271968E700D585BC /* LinkedList.swift in Sources */,
				49B91D1B27537ECE00C29008 /* BubleSort.swift in Sources */,
				49B13B9526FD98F00097CCC0 /* main.swift in Sources */,
				49331DD72756415B000C03CE /* QuickSort.swift in Sources */,
			);
			runOnlyForDeploymentPostprocessing = 0;
		};
/* End PBXSourcesBuildPhase section */

/* Begin XCBuildConfiguration section */
		49B13B9626FD98F00097CCC0 /* Debug */ = {
			isa = XCBuildConfiguration;
			buildSettings = {
				ALWAYS_SEARCH_USER_PATHS = NO;
				CLANG_ANALYZER_NONNULL = YES;
				CLANG_ANALYZER_NUMBER_OBJECT_CONVERSION = YES_AGGRESSIVE;
				CLANG_CXX_LANGUAGE_STANDARD = "gnu++17";
				CLANG_CXX_LIBRARY = "libc++";
				CLANG_ENABLE_MODULES = YES;
				CLANG_ENABLE_OBJC_ARC = YES;
				CLANG_ENABLE_OBJC_WEAK = YES;
				CLANG_WARN_BLOCK_CAPTURE_AUTORELEASING = YES;
				CLANG_WARN_BOOL_CONVERSION = YES;
				CLANG_WARN_COMMA = YES;
				CLANG_WARN_CONSTANT_CONVERSION = YES;
				CLANG_WARN_DEPRECATED_OBJC_IMPLEMENTATIONS = YES;
				CLANG_WARN_DIRECT_OBJC_ISA_USAGE = YES_ERROR;
				CLANG_WARN_DOCUMENTATION_COMMENTS = YES;
				CLANG_WARN_EMPTY_BODY = YES;
				CLANG_WARN_ENUM_CONVERSION = YES;
				CLANG_WARN_INFINITE_RECURSION = YES;
				CLANG_WARN_INT_CONVERSION = YES;
				CLANG_WARN_NON_LITERAL_NULL_CONVERSION = YES;
				CLANG_WARN_OBJC_IMPLICIT_RETAIN_SELF = YES;
				CLANG_WARN_OBJC_LITERAL_CONVERSION = YES;
				CLANG_WARN_OBJC_ROOT_CLASS = YES_ERROR;
				CLANG_WARN_QUOTED_INCLUDE_IN_FRAMEWORK_HEADER = YES;
				CLANG_WARN_RANGE_LOOP_ANALYSIS = YES;
				CLANG_WARN_STRICT_PROTOTYPES = YES;
				CLANG_WARN_SUSPICIOUS_MOVE = YES;
				CLANG_WARN_UNGUARDED_AVAILABILITY = YES_AGGRESSIVE;
				CLANG_WARN_UNREACHABLE_CODE = YES;
				CLANG_WARN__DUPLICATE_METHOD_MATCH = YES;
				COPY_PHASE_STRIP = NO;
				DEBUG_INFORMATION_FORMAT = dwarf;
				ENABLE_STRICT_OBJC_MSGSEND = YES;
				ENABLE_TESTABILITY = YES;
				GCC_C_LANGUAGE_STANDARD = gnu11;
				GCC_DYNAMIC_NO_PIC = NO;
				GCC_NO_COMMON_BLOCKS = YES;
				GCC_OPTIMIZATION_LEVEL = 0;
				GCC_PREPROCESSOR_DEFINITIONS = (
					"DEBUG=1",
					"$(inherited)",
				);
				GCC_WARN_64_TO_32_BIT_CONVERSION = YES;
				GCC_WARN_ABOUT_RETURN_TYPE = YES_ERROR;
				GCC_WARN_UNDECLARED_SELECTOR = YES;
				GCC_WARN_UNINITIALIZED_AUTOS = YES_AGGRESSIVE;
				GCC_WARN_UNUSED_FUNCTION = YES;
				GCC_WARN_UNUSED_VARIABLE = YES;
				MACOSX_DEPLOYMENT_TARGET = 11.3;
				MTL_ENABLE_DEBUG_INFO = INCLUDE_SOURCE;
				MTL_FAST_MATH = YES;
				ONLY_ACTIVE_ARCH = YES;
				SDKROOT = macosx;
				SWIFT_ACTIVE_COMPILATION_CONDITIONS = DEBUG;
				SWIFT_OPTIMIZATION_LEVEL = "-Onone";
			};
			name = Debug;
		};
		49B13B9726FD98F00097CCC0 /* Release */ = {
			isa = XCBuildConfiguration;
			buildSettings = {
				ALWAYS_SEARCH_USER_PATHS = NO;
				CLANG_ANALYZER_NONNULL = YES;
				CLANG_ANALYZER_NUMBER_OBJECT_CONVERSION = YES_AGGRESSIVE;
				CLANG_CXX_LANGUAGE_STANDARD = "gnu++17";
				CLANG_CXX_LIBRARY = "libc++";
				CLANG_ENABLE_MODULES = YES;
				CLANG_ENABLE_OBJC_ARC = YES;
				CLANG_ENABLE_OBJC_WEAK = YES;
				CLANG_WARN_BLOCK_CAPTURE_AUTORELEASING = YES;
				CLANG_WARN_BOOL_CONVERSION = YES;
				CLANG_WARN_COMMA = YES;
				CLANG_WARN_CONSTANT_CONVERSION = YES;
				CLANG_WARN_DEPRECATED_OBJC_IMPLEMENTATIONS = YES;
				CLANG_WARN_DIRECT_OBJC_ISA_USAGE = YES_ERROR;
				CLANG_WARN_DOCUMENTATION_COMMENTS = YES;
				CLANG_WARN_EMPTY_BODY = YES;
				CLANG_WARN_ENUM_CONVERSION = YES;
				CLANG_WARN_INFINITE_RECURSION = YES;
				CLANG_WARN_INT_CONVERSION = YES;
				CLANG_WARN_NON_LITERAL_NULL_CONVERSION = YES;
				CLANG_WARN_OBJC_IMPLICIT_RETAIN_SELF = YES;
				CLANG_WARN_OBJC_LITERAL_CONVERSION = YES;
				CLANG_WARN_OBJC_ROOT_CLASS = YES_ERROR;
				CLANG_WARN_QUOTED_INCLUDE_IN_FRAMEWORK_HEADER = YES;
				CLANG_WARN_RANGE_LOOP_ANALYSIS = YES;
				CLANG_WARN_STRICT_PROTOTYPES = YES;
				CLANG_WARN_SUSPICIOUS_MOVE = YES;
				CLANG_WARN_UNGUARDED_AVAILABILITY = YES_AGGRESSIVE;
				CLANG_WARN_UNREACHABLE_CODE = YES;
				CLANG_WARN__DUPLICATE_METHOD_MATCH = YES;
				COPY_PHASE_STRIP = NO;
				DEBUG_INFORMATION_FORMAT = "dwarf-with-dsym";
				ENABLE_NS_ASSERTIONS = NO;
				ENABLE_STRICT_OBJC_MSGSEND = YES;
				GCC_C_LANGUAGE_STANDARD = gnu11;
				GCC_NO_COMMON_BLOCKS = YES;
				GCC_WARN_64_TO_32_BIT_CONVERSION = YES;
				GCC_WARN_ABOUT_RETURN_TYPE = YES_ERROR;
				GCC_WARN_UNDECLARED_SELECTOR = YES;
				GCC_WARN_UNINITIALIZED_AUTOS = YES_AGGRESSIVE;
				GCC_WARN_UNUSED_FUNCTION = YES;
				GCC_WARN_UNUSED_VARIABLE = YES;
				MACOSX_DEPLOYMENT_TARGET = 11.3;
				MTL_ENABLE_DEBUG_INFO = NO;
				MTL_FAST_MATH = YES;
				SDKROOT = macosx;
				SWIFT_COMPILATION_MODE = wholemodule;
				SWIFT_OPTIMIZATION_LEVEL = "-O";
			};
			name = Release;
		};
		49B13B9926FD98F00097CCC0 /* Debug */ = {
			isa = XCBuildConfiguration;
			buildSettings = {
				CODE_SIGN_STYLE = Automatic;
				DEVELOPMENT_TEAM = NU32399URS;
				ENABLE_HARDENED_RUNTIME = YES;
				PRODUCT_NAME = "$(TARGET_NAME)";
				SWIFT_VERSION = 5.0;
			};
			name = Debug;
		};
		49B13B9A26FD98F00097CCC0 /* Release */ = {
			isa = XCBuildConfiguration;
			buildSettings = {
				CODE_SIGN_STYLE = Automatic;
				DEVELOPMENT_TEAM = NU32399URS;
				ENABLE_HARDENED_RUNTIME = YES;
				PRODUCT_NAME = "$(TARGET_NAME)";
				SWIFT_VERSION = 5.0;
			};
			name = Release;
		};
/* End XCBuildConfiguration section */

/* Begin XCConfigurationList section */
		49B13B8C26FD98F00097CCC0 /* Build configuration list for PBXProject "Swift_dataStaructure" */ = {
			isa = XCConfigurationList;
			buildConfigurations = (
				49B13B9626FD98F00097CCC0 /* Debug */,
				49B13B9726FD98F00097CCC0 /* Release */,
			);
			defaultConfigurationIsVisible = 0;
			defaultConfigurationName = Release;
		};
		49B13B9826FD98F00097CCC0 /* Build configuration list for PBXNativeTarget "Swift_dataStaructure" */ = {
			isa = XCConfigurationList;
			buildConfigurations = (
				49B13B9926FD98F00097CCC0 /* Debug */,
				49B13B9A26FD98F00097CCC0 /* Release */,
			);
			defaultConfigurationIsVisible = 0;
			defaultConfigurationName = Release;
		};
/* End XCConfigurationList section */
	};
	rootObject = 49B13B8926FD98F00097CCC0 /* Project object */;
}
